// !$*UTF8*$!
{
	archiveVersion = 1;
	classes = {
	};
	objectVersion = 46;
	objects = {

/* Begin PBXBuildFile section */
		3749E6D91EF17C18006B4560 /* AppDelegate.swift in Sources */ = {isa = PBXBuildFile; fileRef = 3749E6D81EF17C18006B4560 /* AppDelegate.swift */; };
		3749E6DB1EF17C18006B4560 /* ViewController.swift in Sources */ = {isa = PBXBuildFile; fileRef = 3749E6DA1EF17C18006B4560 /* ViewController.swift */; };
		3749E6DE1EF17C18006B4560 /* Main.storyboard in Resources */ = {isa = PBXBuildFile; fileRef = 3749E6DC1EF17C18006B4560 /* Main.storyboard */; };
		3749E6E01EF17C18006B4560 /* Assets.xcassets in Resources */ = {isa = PBXBuildFile; fileRef = 3749E6DF1EF17C18006B4560 /* Assets.xcassets */; };
		3749E6E31EF17C18006B4560 /* LaunchScreen.storyboard in Resources */ = {isa = PBXBuildFile; fileRef = 3749E6E11EF17C18006B4560 /* LaunchScreen.storyboard */; };
		376914DD1EF1DBA50095C74F /* CalculatorBrain.swift in Sources */ = {isa = PBXBuildFile; fileRef = 376914DC1EF1DBA50095C74F /* CalculatorBrain.swift */; };
		37E4E8B91EFC1AF100E1EED0 /* AxesDrawer-3.swift in Sources */ = {isa = PBXBuildFile; fileRef = 37E4E8B81EFC1AF100E1EED0 /* AxesDrawer-3.swift */; };
/* End PBXBuildFile section */

/* Begin PBXFileReference section */
		3749E6D51EF17C18006B4560 /* Calculator.app */ = {isa = PBXFileReference; explicitFileType = wrapper.application; includeInIndex = 0; path = Calculator.app; sourceTree = BUILT_PRODUCTS_DIR; };
		3749E6D81EF17C18006B4560 /* AppDelegate.swift */ = {isa = PBXFileReference; lastKnownFileType = sourcecode.swift; path = AppDelegate.swift; sourceTree = "<group>"; };
		3749E6DA1EF17C18006B4560 /* ViewController.swift */ = {isa = PBXFileReference; lastKnownFileType = sourcecode.swift; path = ViewController.swift; sourceTree = "<group>"; };
		3749E6DD1EF17C18006B4560 /* Base */ = {isa = PBXFileReference; lastKnownFileType = file.storyboard; name = Base; path = Base.lproj/Main.storyboard; sourceTree = "<group>"; };
		3749E6DF1EF17C18006B4560 /* Assets.xcassets */ = {isa = PBXFileReference; lastKnownFileType = folder.assetcatalog; path = Assets.xcassets; sourceTree = "<group>"; };
		3749E6E21EF17C18006B4560 /* Base */ = {isa = PBXFileReference; lastKnownFileType = file.storyboard; name = Base; path = Base.lproj/LaunchScreen.storyboard; sourceTree = "<group>"; };
		3749E6E41EF17C18006B4560 /* Info.plist */ = {isa = PBXFileReference; lastKnownFileType = text.plist.xml; path = Info.plist; sourceTree = "<group>"; };
		376914DC1EF1DBA50095C74F /* CalculatorBrain.swift */ = {isa = PBXFileReference; fileEncoding = 4; lastKnownFileType = sourcecode.swift; path = CalculatorBrain.swift; sourceTree = "<group>"; };
		37E4E8B81EFC1AF100E1EED0 /* AxesDrawer-3.swift */ = {isa = PBXFileReference; fileEncoding = 4; lastKnownFileType = sourcecode.swift; path = "AxesDrawer-3.swift"; sourceTree = "<group>"; };
/* End PBXFileReference section */

/* Begin PBXFrameworksBuildPhase section */
		3749E6D21EF17C18006B4560 /* Frameworks */ = {
			isa = PBXFrameworksBuildPhase;
			buildActionMask = 2147483647;
			files = (
			);
			runOnlyForDeploymentPostprocessing = 0;
		};
/* End PBXFrameworksBuildPhase section */

/* Begin PBXGroup section */
		3749E6CC1EF17C17006B4560 = {
			isa = PBXGroup;
			children = (
				3749E6D71EF17C18006B4560 /* Calculator */,
				3749E6D61EF17C18006B4560 /* Products */,
			);
			sourceTree = "<group>";
		};
		3749E6D61EF17C18006B4560 /* Products */ = {
			isa = PBXGroup;
			children = (
				3749E6D51EF17C18006B4560 /* Calculator.app */,
			);
			name = Products;
			sourceTree = "<group>";
		};
		3749E6D71EF17C18006B4560 /* Calculator */ = {
			isa = PBXGroup;
			children = (
				3749E6D81EF17C18006B4560 /* AppDelegate.swift */,
				3749E6DA1EF17C18006B4560 /* ViewController.swift */,
				376914DC1EF1DBA50095C74F /* CalculatorBrain.swift */,
				3749E6DC1EF17C18006B4560 /* Main.storyboard */,
				37E4E8B81EFC1AF100E1EED0 /* AxesDrawer-3.swift */,
				3749E6DF1EF17C18006B4560 /* Assets.xcassets */,
				3749E6E11EF17C18006B4560 /* LaunchScreen.storyboard */,
				3749E6E41EF17C18006B4560 /* Info.plist */,
			);
			path = Calculator;
			sourceTree = "<group>";
		};
/* End PBXGroup section */

/* Begin PBXNativeTarget section */
		3749E6D41EF17C18006B4560 /* Calculator */ = {
			isa = PBXNativeTarget;
			buildConfigurationList = 3749E6E71EF17C18006B4560 /* Build configuration list for PBXNativeTarget "Calculator" */;
			buildPhases = (
				3749E6D11EF17C18006B4560 /* Sources */,
				3749E6D21EF17C18006B4560 /* Frameworks */,
				3749E6D31EF17C18006B4560 /* Resources */,
			);
			buildRules = (
			);
			dependencies = (
			);
			name = Calculator;
			productName = Calculator;
			productReference = 3749E6D51EF17C18006B4560 /* Calculator.app */;
			productType = "com.apple.product-type.application";
		};
/* End PBXNativeTarget section */

/* Begin PBXProject section */
		3749E6CD1EF17C18006B4560 /* Project object */ = {
			isa = PBXProject;
			attributes = {
				LastSwiftUpdateCheck = 0830;
				LastUpgradeCheck = 0830;
				ORGANIZATIONNAME = iShinobi;
				TargetAttributes = {
					3749E6D41EF17C18006B4560 = {
						CreatedOnToolsVersion = 8.3.3;
						DevelopmentTeam = WZFHSP6QD4;
						ProvisioningStyle = Automatic;
					};
				};
			};
			buildConfigurationList = 3749E6D01EF17C18006B4560 /* Build configuration list for PBXProject "Calculator" */;
			compatibilityVersion = "Xcode 3.2";
			developmentRegion = English;
			hasScannedForEncodings = 0;
			knownRegions = (
				en,
				Base,
			);
			mainGroup = 3749E6CC1EF17C17006B4560;
			productRefGroup = 3749E6D61EF17C18006B4560 /* Products */;
			projectDirPath = "";
			projectRoot = "";
			targets = (
				3749E6D41EF17C18006B4560 /* Calculator */,
			);
		};
/* End PBXProject section */

/* Begin PBXResourcesBuildPhase section */
		3749E6D31EF17C18006B4560 /* Resources */ = {
			isa = PBXResourcesBuildPhase;
			buildActionMask = 2147483647;
			files = (
				3749E6E31EF17C18006B4560 /* LaunchScreen.storyboard in Resources */,
				3749E6E01EF17C18006B4560 /* Assets.xcassets in Resources */,
				3749E6DE1EF17C18006B4560 /* Main.storyboard in Resources */,
			);
			runOnlyForDeploymentPostprocessing = 0;
		};
/* End PBXResourcesBuildPhase section */

/* Begin PBXSourcesBuildPhase section */
		3749E6D11EF17C18006B4560 /* Sources */ = {
			isa = PBXSourcesBuildPhase;
			buildActionMask = 2147483647;
			files = (
				376914DD1EF1DBA50095C74F /* CalculatorBrain.swift in Sources */,
				3749E6DB1EF17C18006B4560 /* ViewController.swift in Sources */,
				3749E6D91EF17C18006B4560 /* AppDelegate.swift in Sources */,
				37E4E8B91EFC1AF100E1EED0 /* AxesDrawer-3.swift in Sources */,
			);
			runOnlyForDeploymentPostprocessing = 0;
		};
/* End PBXSourcesBuildPhase section */

/* Begin PBXVariantGroup section */
		3749E6DC1EF17C18006B4560 /* Main.storyboard */ = {
			isa = PBXVariantGroup;
			children = (
				3749E6DD1EF17C18006B4560 /* Base */,
			);
			name = Main.storyboard;
			sourceTree = "<group>";
		};
		3749E6E11EF17C18006B4560 /* LaunchScreen.storyboard */ = {
			isa = PBXVariantGroup;
			children = (
				3749E6E21EF17C18006B4560 /* Base */,
			);
			name = LaunchScreen.storyboard;
			sourceTree = "<group>";
		};
/* End PBXVariantGroup section */

/* Begin XCBuildConfiguration section */
		3749E6E51EF17C18006B4560 /* Debug */ = {
			isa = XCBuildConfiguration;
			buildSettings = {
				ALWAYS_SEARCH_USER_PATHS = NO;
				CLANG_ANALYZER_NONNULL = YES;
				CLANG_ANALYZER_NUMBER_OBJECT_CONVERSION = YES_AGGRESSIVE;
				CLANG_CXX_LANGUAGE_STANDARD = "gnu++0x";
				CLANG_CXX_LIBRARY = "libc++";
				CLANG_ENABLE_MODULES = YES;
				CLANG_ENABLE_OBJC_ARC = YES;
				CLANG_WARN_BOOL_CONVERSION = YES;
				CLANG_WARN_CONSTANT_CONVERSION = YES;
				CLANG_WARN_DIRECT_OBJC_ISA_USAGE = YES_ERROR;
				CLANG_WARN_DOCUMENTATION_COMMENTS = YES;
				CLANG_WARN_EMPTY_BODY = YES;
				CLANG_WARN_ENUM_CONVERSION = YES;
				CLANG_WARN_INFINITE_RECURSION = YES;
				CLANG_WARN_INT_CONVERSION = YES;
				CLANG_WARN_OBJC_ROOT_CLASS = YES_ERROR;
				CLANG_WARN_SUSPICIOUS_MOVE = YES;
				CLANG_WARN_UNREACHABLE_CODE = YES;
				CLANG_WARN__DUPLICATE_METHOD_MATCH = YES;
				"CODE_SIGN_IDENTITY[sdk=iphoneos*]" = "iPhone Developer";
				COPY_PHASE_STRIP = NO;
				DEBUG_INFORMATION_FORMAT = dwarf;
				ENABLE_STRICT_OBJC_MSGSEND = YES;
				ENABLE_TESTABILITY = YES;
				GCC_C_LANGUAGE_STANDARD = gnu99;
				GCC_DYNAMIC_NO_PIC = NO;
				GCC_NO_COMMON_BLOCKS = YES;
				GCC_OPTIMIZATION_LEVEL = 0;
				GCC_PREPROCESSOR_DEFINITIONS = (
					"DEBUG=1",
					"$(inherited)",
				);
				GCC_WARN_64_TO_32_BIT_CONVERSION = YES;
				GCC_WARN_ABOUT_RETURN_TYPE = YES_ERROR;
				GCC_WARN_UNDECLARED_SELECTOR = YES;
				GCC_WARN_UNINITIALIZED_AUTOS = YES_AGGRESSIVE;
				GCC_WARN_UNUSED_FUNCTION = YES;
				GCC_WARN_UNUSED_VARIABLE = YES;
				IPHONEOS_DEPLOYMENT_TARGET = 10.3;
				MTL_ENABLE_DEBUG_INFO = YES;
				ONLY_ACTIVE_ARCH = YES;
				SDKROOT = iphoneos;
				SWIFT_ACTIVE_COMPILATION_CONDITIONS = DEBUG;
				SWIFT_OPTIMIZATION_LEVEL = "-Onone";
				TARGETED_DEVICE_FAMILY = "1,2";
			};
			name = Debug;
		};
		3749E6E61EF17C18006B4560 /* Release */ = {
			isa = XCBuildConfiguration;
			buildSettings = {
				ALWAYS_SEARCH_USER_PATHS = NO;
				CLANG_ANALYZER_NONNULL = YES;
				CLANG_ANALYZER_NUMBER_OBJECT_CONVERSION = YES_AGGRESSIVE;
				CLANG_CXX_LANGUAGE_STANDARD = "gnu++0x";
				CLANG_CXX_LIBRARY = "libc++";
				CLANG_ENABLE_MODULES = YES;
				CLANG_ENABLE_OBJC_ARC = YES;
				CLANG_WARN_BOOL_CONVERSION = YES;
				CLANG_WARN_CONSTANT_CONVERSION = YES;
				CLANG_WARN_DIRECT_OBJC_ISA_USAGE = YES_ERROR;
				CLANG_WARN_DOCUMENTATION_COMMENTS = YES;
				CLANG_WARN_EMPTY_BODY = YES;
				CLANG_WARN_ENUM_CONVERSION = YES;
				CLANG_WARN_INFINITE_RECURSION = YES;
				CLANG_WARN_INT_CONVERSION = YES;
				CLANG_WARN_OBJC_ROOT_CLASS = YES_ERROR;
				CLANG_WARN_SUSPICIOUS_MOVE = YES;
				CLANG_WARN_UNREACHABLE_CODE = YES;
				CLANG_WARN__DUPLICATE_METHOD_MATCH = YES;
				"CODE_SIGN_IDENTITY[sdk=iphoneos*]" = "iPhone Developer";
				COPY_PHASE_STRIP = NO;
				DEBUG_INFORMATION_FORMAT = "dwarf-with-dsym";
				ENABLE_NS_ASSERTIONS = NO;
				ENABLE_STRICT_OBJC_MSGSEND = YES;
				GCC_C_LANGUAGE_STANDARD = gnu99;
				GCC_NO_COMMON_BLOCKS = YES;
				GCC_WARN_64_TO_32_BIT_CONVERSION = YES;
				GCC_WARN_ABOUT_RETURN_TYPE = YES_ERROR;
				GCC_WARN_UNDECLARED_SELECTOR = YES;
				GCC_WARN_UNINITIALIZED_AUTOS = YES_AGGRESSIVE;
				GCC_WARN_UNUSED_FUNCTION = YES;
				GCC_WARN_UNUSED_VARIABLE = YES;
				IPHONEOS_DEPLOYMENT_TARGET = 10.3;
				MTL_ENABLE_DEBUG_INFO = NO;
				SDKROOT = iphoneos;
				SWIFT_OPTIMIZATION_LEVEL = "-Owholemodule";
				TARGETED_DEVICE_FAMILY = "1,2";
				VALIDATE_PRODUCT = YES;
			};
			name = Release;
		};
		3749E6E81EF17C18006B4560 /* Debug */ = {
			isa = XCBuildConfiguration;
			buildSettings = {
				ASSETCATALOG_COMPILER_APPICON_NAME = AppIcon;
				DEVELOPMENT_TEAM = WZFHSP6QD4;
				INFOPLIST_FILE = Calculator/Info.plist;
				LD_RUNPATH_SEARCH_PATHS = "$(inherited) @executable_path/Frameworks";
				PRODUCT_BUNDLE_IDENTIFIER = ninja.pragprog.stanford.ios.cs193p.Calculator;
				PRODUCT_NAME = "$(TARGET_NAME)";
				SWIFT_VERSION = 3.0;
			};
			name = Debug;
		};
		3749E6E91EF17C18006B4560 /* Release */ = {
			isa = XCBuildConfiguration;
			buildSettings = {
				ASSETCATALOG_COMPILER_APPICON_NAME = AppIcon;
				DEVELOPMENT_TEAM = WZFHSP6QD4;
				INFOPLIST_FILE = Calculator/Info.plist;
				LD_RUNPATH_SEARCH_PATHS = "$(inherited) @executable_path/Frameworks";
				PRODUCT_BUNDLE_IDENTIFIER = ninja.pragprog.stanford.ios.cs193p.Calculator;
				PRODUCT_NAME = "$(TARGET_NAME)";
				SWIFT_VERSION = 3.0;
			};
			name = Release;
		};
/* End XCBuildConfiguration section */

/* Begin XCConfigurationList section */
		3749E6D01EF17C18006B4560 /* Build configuration list for PBXProject "Calculator" */ = {
			isa = XCConfigurationList;
			buildConfigurations = (
				3749E6E51EF17C18006B4560 /* Debug */,
				3749E6E61EF17C18006B4560 /* Release */,
			);
			defaultConfigurationIsVisible = 0;
			defaultConfigurationName = Release;
		};
		3749E6E71EF17C18006B4560 /* Build configuration list for PBXNativeTarget "Calculator" */ = {
			isa = XCConfigurationList;
			buildConfigurations = (
				3749E6E81EF17C18006B4560 /* Debug */,
				3749E6E91EF17C18006B4560 /* Release */,
			);
			defaultConfigurationIsVisible = 0;
			defaultConfigurationName = Release;
		};
/* End XCConfigurationList section */
	};
	rootObject = 3749E6CD1EF17C18006B4560 /* Project object */;
}
